// !$*UTF8*$!
{
	archiveVersion = 1;
	classes = {
	};
	objectVersion = 50;
	objects = {

/* Begin PBXBuildFile section */
		68F8CE2121D612B200F557FB /* AppDelegate.swift in Sources */ = {isa = PBXBuildFile; fileRef = 68F8CE2021D612B200F557FB /* AppDelegate.swift */; };
		68F8CE2321D612B200F557FB /* ViewController.swift in Sources */ = {isa = PBXBuildFile; fileRef = 68F8CE2221D612B200F557FB /* ViewController.swift */; };
		68F8CE2621D612B200F557FB /* Main.storyboard in Resources */ = {isa = PBXBuildFile; fileRef = 68F8CE2421D612B200F557FB /* Main.storyboard */; };
		68F8CE2821D612B400F557FB /* Assets.xcassets in Resources */ = {isa = PBXBuildFile; fileRef = 68F8CE2721D612B400F557FB /* Assets.xcassets */; };
		68F8CE2B21D612B400F557FB /* LaunchScreen.storyboard in Resources */ = {isa = PBXBuildFile; fileRef = 68F8CE2921D612B400F557FB /* LaunchScreen.storyboard */; };
		68F8CE3421D6130B00F557FB /* ViewController.swift in Sources */ = {isa = PBXBuildFile; fileRef = 68F8CE2221D612B200F557FB /* ViewController.swift */; };
		68F8CE3521D6130B00F557FB /* AppDelegate.swift in Sources */ = {isa = PBXBuildFile; fileRef = 68F8CE2021D612B200F557FB /* AppDelegate.swift */; };
		68F8CE3821D6130B00F557FB /* LaunchScreen.storyboard in Resources */ = {isa = PBXBuildFile; fileRef = 68F8CE2921D612B400F557FB /* LaunchScreen.storyboard */; };
		68F8CE3921D6130B00F557FB /* Assets.xcassets in Resources */ = {isa = PBXBuildFile; fileRef = 68F8CE2721D612B400F557FB /* Assets.xcassets */; };
		68F8CE3A21D6130B00F557FB /* Main.storyboard in Resources */ = {isa = PBXBuildFile; fileRef = 68F8CE2421D612B200F557FB /* Main.storyboard */; };
		68F8CE4121D6170600F557FB /* ProjectTemplate Dev-Info.plist in Resources */ = {isa = PBXBuildFile; fileRef = 68F8CE4021D6170600F557FB /* ProjectTemplate Dev-Info.plist */; };
		68F8CE4621D6179200F557FB /* Bundle-Extension.swift in Sources */ = {isa = PBXBuildFile; fileRef = 68F8CE4521D6179200F557FB /* Bundle-Extension.swift */; };
		68F8CE4721D617E100F557FB /* Bundle-Extension.swift in Sources */ = {isa = PBXBuildFile; fileRef = 68F8CE4521D6179200F557FB /* Bundle-Extension.swift */; };
/* End PBXBuildFile section */

/* Begin PBXFileReference section */
		68F8CE1D21D612B200F557FB /* ProjectTemplate.app */ = {isa = PBXFileReference; explicitFileType = wrapper.application; includeInIndex = 0; path = ProjectTemplate.app; sourceTree = BUILT_PRODUCTS_DIR; };
		68F8CE2021D612B200F557FB /* AppDelegate.swift */ = {isa = PBXFileReference; lastKnownFileType = sourcecode.swift; path = AppDelegate.swift; sourceTree = "<group>"; };
		68F8CE2221D612B200F557FB /* ViewController.swift */ = {isa = PBXFileReference; lastKnownFileType = sourcecode.swift; path = ViewController.swift; sourceTree = "<group>"; };
		68F8CE2521D612B200F557FB /* Base */ = {isa = PBXFileReference; lastKnownFileType = file.storyboard; name = Base; path = Base.lproj/Main.storyboard; sourceTree = "<group>"; };
		68F8CE2721D612B400F557FB /* Assets.xcassets */ = {isa = PBXFileReference; lastKnownFileType = folder.assetcatalog; path = Assets.xcassets; sourceTree = "<group>"; };
		68F8CE2A21D612B400F557FB /* Base */ = {isa = PBXFileReference; lastKnownFileType = file.storyboard; name = Base; path = Base.lproj/LaunchScreen.storyboard; sourceTree = "<group>"; };
		68F8CE2C21D612B400F557FB /* Info.plist */ = {isa = PBXFileReference; lastKnownFileType = text.plist.xml; path = Info.plist; sourceTree = "<group>"; };
		68F8CE3E21D6130B00F557FB /* ProjectTemplate Dev.app */ = {isa = PBXFileReference; explicitFileType = wrapper.application; includeInIndex = 0; path = "ProjectTemplate Dev.app"; sourceTree = BUILT_PRODUCTS_DIR; };
		68F8CE4021D6170600F557FB /* ProjectTemplate Dev-Info.plist */ = {isa = PBXFileReference; fileEncoding = 4; lastKnownFileType = text.plist.xml; path = "ProjectTemplate Dev-Info.plist"; sourceTree = "<group>"; };
		68F8CE4521D6179200F557FB /* Bundle-Extension.swift */ = {isa = PBXFileReference; lastKnownFileType = sourcecode.swift; path = "Bundle-Extension.swift"; sourceTree = "<group>"; };
/* End PBXFileReference section */

/* Begin PBXFrameworksBuildPhase section */
		68F8CE1A21D612B200F557FB /* Frameworks */ = {
			isa = PBXFrameworksBuildPhase;
			buildActionMask = 2147483647;
			files = (
			);
			runOnlyForDeploymentPostprocessing = 0;
		};
		68F8CE3621D6130B00F557FB /* Frameworks */ = {
			isa = PBXFrameworksBuildPhase;
			buildActionMask = 2147483647;
			files = (
			);
			runOnlyForDeploymentPostprocessing = 0;
		};
/* End PBXFrameworksBuildPhase section */

/* Begin PBXGroup section */
		68F8CE1421D612B200F557FB = {
			isa = PBXGroup;
			children = (
				68F8CE1F21D612B200F557FB /* ProjectTemplate */,
				68F8CE1E21D612B200F557FB /* Products */,
			);
			sourceTree = "<group>";
		};
		68F8CE1E21D612B200F557FB /* Products */ = {
			isa = PBXGroup;
			children = (
				68F8CE1D21D612B200F557FB /* ProjectTemplate.app */,
				68F8CE3E21D6130B00F557FB /* ProjectTemplate Dev.app */,
			);
			name = Products;
			sourceTree = "<group>";
		};
		68F8CE1F21D612B200F557FB /* ProjectTemplate */ = {
			isa = PBXGroup;
			children = (
				68F8CE4421D6174800F557FB /* Extensions */,
				68F8CE4021D6170600F557FB /* ProjectTemplate Dev-Info.plist */,
				68F8CE2021D612B200F557FB /* AppDelegate.swift */,
				68F8CE2221D612B200F557FB /* ViewController.swift */,
				68F8CE2421D612B200F557FB /* Main.storyboard */,
				68F8CE2721D612B400F557FB /* Assets.xcassets */,
				68F8CE2921D612B400F557FB /* LaunchScreen.storyboard */,
				68F8CE2C21D612B400F557FB /* Info.plist */,
			);
			path = ProjectTemplate;
			sourceTree = "<group>";
		};
		68F8CE4421D6174800F557FB /* Extensions */ = {
			isa = PBXGroup;
			children = (
				68F8CE4521D6179200F557FB /* Bundle-Extension.swift */,
			);
			path = Extensions;
			sourceTree = "<group>";
		};
/* End PBXGroup section */

/* Begin PBXNativeTarget section */
		68F8CE1C21D612B200F557FB /* ProjectTemplate */ = {
			isa = PBXNativeTarget;
			buildConfigurationList = 68F8CE2F21D612B400F557FB /* Build configuration list for PBXNativeTarget "ProjectTemplate" */;
			buildPhases = (
				68F8CE1921D612B200F557FB /* Sources */,
				68F8CE1A21D612B200F557FB /* Frameworks */,
				68F8CE1B21D612B200F557FB /* Resources */,
			);
			buildRules = (
			);
			dependencies = (
			);
			name = ProjectTemplate;
			productName = ProjectTemplate;
			productReference = 68F8CE1D21D612B200F557FB /* ProjectTemplate.app */;
			productType = "com.apple.product-type.application";
		};
		68F8CE3221D6130B00F557FB /* ProjectTemplate Dev */ = {
			isa = PBXNativeTarget;
			buildConfigurationList = 68F8CE3B21D6130B00F557FB /* Build configuration list for PBXNativeTarget "ProjectTemplate Dev" */;
			buildPhases = (
				68F8CE3321D6130B00F557FB /* Sources */,
				68F8CE3621D6130B00F557FB /* Frameworks */,
				68F8CE3721D6130B00F557FB /* Resources */,
			);
			buildRules = (
			);
			dependencies = (
			);
			name = "ProjectTemplate Dev";
			productName = ProjectTemplate;
			productReference = 68F8CE3E21D6130B00F557FB /* ProjectTemplate Dev.app */;
			productType = "com.apple.product-type.application";
		};
/* End PBXNativeTarget section */

/* Begin PBXProject section */
		68F8CE1521D612B200F557FB /* Project object */ = {
			isa = PBXProject;
			attributes = {
				LastSwiftUpdateCheck = 1010;
				LastUpgradeCheck = 1010;
				ORGANIZATIONNAME = "!>-<!";
				TargetAttributes = {
					68F8CE1C21D612B200F557FB = {
						CreatedOnToolsVersion = 10.1;
					};
				};
			};
			buildConfigurationList = 68F8CE1821D612B200F557FB /* Build configuration list for PBXProject "ProjectTemplate" */;
			compatibilityVersion = "Xcode 9.3";
			developmentRegion = en;
			hasScannedForEncodings = 0;
			knownRegions = (
				en,
				Base,
			);
			mainGroup = 68F8CE1421D612B200F557FB;
			productRefGroup = 68F8CE1E21D612B200F557FB /* Products */;
			projectDirPath = "";
			projectRoot = "";
			targets = (
				68F8CE1C21D612B200F557FB /* ProjectTemplate */,
				68F8CE3221D6130B00F557FB /* ProjectTemplate Dev */,
			);
		};
/* End PBXProject section */

/* Begin PBXResourcesBuildPhase section */
		68F8CE1B21D612B200F557FB /* Resources */ = {
			isa = PBXResourcesBuildPhase;
			buildActionMask = 2147483647;
			files = (
				68F8CE2B21D612B400F557FB /* LaunchScreen.storyboard in Resources */,
				68F8CE2821D612B400F557FB /* Assets.xcassets in Resources */,
				68F8CE2621D612B200F557FB /* Main.storyboard in Resources */,
				68F8CE4121D6170600F557FB /* ProjectTemplate Dev-Info.plist in Resources */,
			);
			runOnlyForDeploymentPostprocessing = 0;
		};
		68F8CE3721D6130B00F557FB /* Resources */ = {
			isa = PBXResourcesBuildPhase;
			buildActionMask = 2147483647;
			files = (
				68F8CE3821D6130B00F557FB /* LaunchScreen.storyboard in Resources */,
				68F8CE3921D6130B00F557FB /* Assets.xcassets in Resources */,
				68F8CE3A21D6130B00F557FB /* Main.storyboard in Resources */,
			);
			runOnlyForDeploymentPostprocessing = 0;
		};
/* End PBXResourcesBuildPhase section */

/* Begin PBXSourcesBuildPhase section */
		68F8CE1921D612B200F557FB /* Sources */ = {
			isa = PBXSourcesBuildPhase;
			buildActionMask = 2147483647;
			files = (
				68F8CE2321D612B200F557FB /* ViewController.swift in Sources */,
				68F8CE4621D6179200F557FB /* Bundle-Extension.swift in Sources */,
				68F8CE2121D612B200F557FB /* AppDelegate.swift in Sources */,
			);
			runOnlyForDeploymentPostprocessing = 0;
		};
		68F8CE3321D6130B00F557FB /* Sources */ = {
			isa = PBXSourcesBuildPhase;
			buildActionMask = 2147483647;
			files = (
				68F8CE4721D617E100F557FB /* Bundle-Extension.swift in Sources */,
				68F8CE3421D6130B00F557FB /* ViewController.swift in Sources */,
				68F8CE3521D6130B00F557FB /* AppDelegate.swift in Sources */,
			);
			runOnlyForDeploymentPostprocessing = 0;
		};
/* End PBXSourcesBuildPhase section */

/* Begin PBXVariantGroup section */
		68F8CE2421D612B200F557FB /* Main.storyboard */ = {
			isa = PBXVariantGroup;
			children = (
				68F8CE2521D612B200F557FB /* Base */,
			);
			name = Main.storyboard;
			sourceTree = "<group>";
		};
		68F8CE2921D612B400F557FB /* LaunchScreen.storyboard */ = {
			isa = PBXVariantGroup;
			children = (
				68F8CE2A21D612B400F557FB /* Base */,
			);
			name = LaunchScreen.storyboard;
			sourceTree = "<group>";
		};
/* End PBXVariantGroup section */

/* Begin XCBuildConfiguration section */
		68F8CE2D21D612B400F557FB /* Debug */ = {
			isa = XCBuildConfiguration;
			buildSettings = {
				ALWAYS_SEARCH_USER_PATHS = NO;
				CLANG_ANALYZER_NONNULL = YES;
				CLANG_ANALYZER_NUMBER_OBJECT_CONVERSION = YES_AGGRESSIVE;
				CLANG_CXX_LANGUAGE_STANDARD = "gnu++14";
				CLANG_CXX_LIBRARY = "libc++";
				CLANG_ENABLE_MODULES = YES;
				CLANG_ENABLE_OBJC_ARC = YES;
				CLANG_ENABLE_OBJC_WEAK = YES;
				CLANG_WARN_BLOCK_CAPTURE_AUTORELEASING = YES;
				CLANG_WARN_BOOL_CONVERSION = YES;
				CLANG_WARN_COMMA = YES;
				CLANG_WARN_CONSTANT_CONVERSION = YES;
				CLANG_WARN_DEPRECATED_OBJC_IMPLEMENTATIONS = YES;
				CLANG_WARN_DIRECT_OBJC_ISA_USAGE = YES_ERROR;
				CLANG_WARN_DOCUMENTATION_COMMENTS = YES;
				CLANG_WARN_EMPTY_BODY = YES;
				CLANG_WARN_ENUM_CONVERSION = YES;
				CLANG_WARN_INFINITE_RECURSION = YES;
				CLANG_WARN_INT_CONVERSION = YES;
				CLANG_WARN_NON_LITERAL_NULL_CONVERSION = YES;
				CLANG_WARN_OBJC_IMPLICIT_RETAIN_SELF = YES;
				CLANG_WARN_OBJC_LITERAL_CONVERSION = YES;
				CLANG_WARN_OBJC_ROOT_CLASS = YES_ERROR;
				CLANG_WARN_RANGE_LOOP_ANALYSIS = YES;
				CLANG_WARN_STRICT_PROTOTYPES = YES;
				CLANG_WARN_SUSPICIOUS_MOVE = YES;
				CLANG_WARN_UNGUARDED_AVAILABILITY = YES_AGGRESSIVE;
				CLANG_WARN_UNREACHABLE_CODE = YES;
				CLANG_WARN__DUPLICATE_METHOD_MATCH = YES;
				CODE_SIGN_IDENTITY = "iPhone Developer";
				COPY_PHASE_STRIP = NO;
				DEBUG_INFORMATION_FORMAT = dwarf;
				ENABLE_STRICT_OBJC_MSGSEND = YES;
				ENABLE_TESTABILITY = YES;
				GCC_C_LANGUAGE_STANDARD = gnu11;
				GCC_DYNAMIC_NO_PIC = NO;
				GCC_NO_COMMON_BLOCKS = YES;
				GCC_OPTIMIZATION_LEVEL = 0;
				GCC_PREPROCESSOR_DEFINITIONS = (
					"DEBUG=1",
					"$(inherited)",
				);
				GCC_WARN_64_TO_32_BIT_CONVERSION = YES;
				GCC_WARN_ABOUT_RETURN_TYPE = YES_ERROR;
				GCC_WARN_UNDECLARED_SELECTOR = YES;
				GCC_WARN_UNINITIALIZED_AUTOS = YES_AGGRESSIVE;
				GCC_WARN_UNUSED_FUNCTION = YES;
				GCC_WARN_UNUSED_VARIABLE = YES;
				IPHONEOS_DEPLOYMENT_TARGET = 12.1;
				MTL_ENABLE_DEBUG_INFO = INCLUDE_SOURCE;
				MTL_FAST_MATH = YES;
				ONLY_ACTIVE_ARCH = YES;
				SDKROOT = iphoneos;
				SWIFT_ACTIVE_COMPILATION_CONDITIONS = DEBUG;
				SWIFT_OPTIMIZATION_LEVEL = "-Onone";
			};
			name = Debug;
		};
		68F8CE2E21D612B400F557FB /* Release */ = {
			isa = XCBuildConfiguration;
			buildSettings = {
				ALWAYS_SEARCH_USER_PATHS = NO;
				CLANG_ANALYZER_NONNULL = YES;
				CLANG_ANALYZER_NUMBER_OBJECT_CONVERSION = YES_AGGRESSIVE;
				CLANG_CXX_LANGUAGE_STANDARD = "gnu++14";
				CLANG_CXX_LIBRARY = "libc++";
				CLANG_ENABLE_MODULES = YES;
				CLANG_ENABLE_OBJC_ARC = YES;
				CLANG_ENABLE_OBJC_WEAK = YES;
				CLANG_WARN_BLOCK_CAPTURE_AUTORELEASING = YES;
				CLANG_WARN_BOOL_CONVERSION = YES;
				CLANG_WARN_COMMA = YES;
				CLANG_WARN_CONSTANT_CONVERSION = YES;
				CLANG_WARN_DEPRECATED_OBJC_IMPLEMENTATIONS = YES;
				CLANG_WARN_DIRECT_OBJC_ISA_USAGE = YES_ERROR;
				CLANG_WARN_DOCUMENTATION_COMMENTS = YES;
				CLANG_WARN_EMPTY_BODY = YES;
				CLANG_WARN_ENUM_CONVERSION = YES;
				CLANG_WARN_INFINITE_RECURSION = YES;
				CLANG_WARN_INT_CONVERSION = YES;
				CLANG_WARN_NON_LITERAL_NULL_CONVERSION = YES;
				CLANG_WARN_OBJC_IMPLICIT_RETAIN_SELF = YES;
				CLANG_WARN_OBJC_LITERAL_CONVERSION = YES;
				CLANG_WARN_OBJC_ROOT_CLASS = YES_ERROR;
				CLANG_WARN_RANGE_LOOP_ANALYSIS = YES;
				CLANG_WARN_STRICT_PROTOTYPES = YES;
				CLANG_WARN_SUSPICIOUS_MOVE = YES;
				CLANG_WARN_UNGUARDED_AVAILABILITY = YES_AGGRESSIVE;
				CLANG_WARN_UNREACHABLE_CODE = YES;
				CLANG_WARN__DUPLICATE_METHOD_MATCH = YES;
				CODE_SIGN_IDENTITY = "iPhone Developer";
				COPY_PHASE_STRIP = NO;
				DEBUG_INFORMATION_FORMAT = "dwarf-with-dsym";
				ENABLE_NS_ASSERTIONS = NO;
				ENABLE_STRICT_OBJC_MSGSEND = YES;
				GCC_C_LANGUAGE_STANDARD = gnu11;
				GCC_NO_COMMON_BLOCKS = YES;
				GCC_WARN_64_TO_32_BIT_CONVERSION = YES;
				GCC_WARN_ABOUT_RETURN_TYPE = YES_ERROR;
				GCC_WARN_UNDECLARED_SELECTOR = YES;
				GCC_WARN_UNINITIALIZED_AUTOS = YES_AGGRESSIVE;
				GCC_WARN_UNUSED_FUNCTION = YES;
				GCC_WARN_UNUSED_VARIABLE = YES;
				IPHONEOS_DEPLOYMENT_TARGET = 12.1;
				MTL_ENABLE_DEBUG_INFO = NO;
				MTL_FAST_MATH = YES;
				SDKROOT = iphoneos;
				SWIFT_COMPILATION_MODE = wholemodule;
				SWIFT_OPTIMIZATION_LEVEL = "-O";
				VALIDATE_PRODUCT = YES;
			};
			name = Release;
		};
		68F8CE3021D612B400F557FB /* Debug */ = {
			isa = XCBuildConfiguration;
			buildSettings = {
				ASSETCATALOG_COMPILER_APPICON_NAME = AppIcon;
				CODE_SIGN_STYLE = Automatic;
				INFOPLIST_FILE = ProjectTemplate/Info.plist;
				LD_RUNPATH_SEARCH_PATHS = (
					"$(inherited)",
					"@executable_path/Frameworks",
				);
				PRODUCT_BUNDLE_IDENTIFIER = com.sunzeboy.ProjectTemplate;
				PRODUCT_NAME = "$(TARGET_NAME)";
				SWIFT_VERSION = 4.2;
				TARGETED_DEVICE_FAMILY = "1,2";
			};
			name = Debug;
		};
		68F8CE3121D612B400F557FB /* Release */ = {
			isa = XCBuildConfiguration;
			buildSettings = {
				ASSETCATALOG_COMPILER_APPICON_NAME = AppIcon;
				CODE_SIGN_STYLE = Automatic;
				INFOPLIST_FILE = ProjectTemplate/Info.plist;
				LD_RUNPATH_SEARCH_PATHS = (
					"$(inherited)",
					"@executable_path/Frameworks",
				);
				PRODUCT_BUNDLE_IDENTIFIER = com.sunzeboy.ProjectTemplate;
				PRODUCT_NAME = "$(TARGET_NAME)";
				SWIFT_VERSION = 4.2;
				TARGETED_DEVICE_FAMILY = "1,2";
			};
			name = Release;
		};
		68F8CE3C21D6130B00F557FB /* Debug */ = {
			isa = XCBuildConfiguration;
			buildSettings = {
				ASSETCATALOG_COMPILER_APPICON_NAME = "AppIcon-Dev";
				CODE_SIGN_STYLE = Automatic;
				INFOPLIST_FILE = "ProjectTemplate/ProjectTemplate Dev-Info.plist";
				LD_RUNPATH_SEARCH_PATHS = (
					"$(inherited)",
					"@executable_path/Frameworks",
				);
				OTHER_SWIFT_FLAGS = "";
				PRODUCT_BUNDLE_IDENTIFIER = com.sunzeboy.ProjectTemplate;
				PRODUCT_NAME = "$(TARGET_NAME)";
				SWIFT_VERSION = 4.2;
				TARGETED_DEVICE_FAMILY = "1,2";
			};
			name = Debug;
		};
		68F8CE3D21D6130B00F557FB /* Release */ = {
			isa = XCBuildConfiguration;
			buildSettings = {
				ASSETCATALOG_COMPILER_APPICON_NAME = "AppIcon-Dev";
				CODE_SIGN_STYLE = Automatic;
				INFOPLIST_FILE = "ProjectTemplate/ProjectTemplate Dev-Info.plist";
				LD_RUNPATH_SEARCH_PATHS = (
					"$(inherited)",
					"@executable_path/Frameworks",
				);
				OTHER_SWIFT_FLAGS = "";
				PRODUCT_BUNDLE_IDENTIFIER = com.sunzeboy.ProjectTemplate;
				PRODUCT_NAME = "$(TARGET_NAME)";
				SWIFT_VERSION = 4.2;
				TARGETED_DEVICE_FAMILY = "1,2";
			};
			name = Release;
		};
/* End XCBuildConfiguration section */

/* Begin XCConfigurationList section */
		68F8CE1821D612B200F557FB /* Build configuration list for PBXProject "ProjectTemplate" */ = {
			isa = XCConfigurationList;
			buildConfigurations = (
				68F8CE2D21D612B400F557FB /* Debug */,
				68F8CE2E21D612B400F557FB /* Release */,
			);
			defaultConfigurationIsVisible = 0;
			defaultConfigurationName = Release;
		};
		68F8CE2F21D612B400F557FB /* Build configuration list for PBXNativeTarget "ProjectTemplate" */ = {
			isa = XCConfigurationList;
			buildConfigurations = (
				68F8CE3021D612B400F557FB /* Debug */,
				68F8CE3121D612B400F557FB /* Release */,
			);
			defaultConfigurationIsVisible = 0;
			defaultConfigurationName = Release;
		};
		68F8CE3B21D6130B00F557FB /* Build configuration list for PBXNativeTarget "ProjectTemplate Dev" */ = {
			isa = XCConfigurationList;
			buildConfigurations = (
				68F8CE3C21D6130B00F557FB /* Debug */,
				68F8CE3D21D6130B00F557FB /* Release */,
			);
			defaultConfigurationIsVisible = 0;
			defaultConfigurationName = Release;
		};
/* End XCConfigurationList section */
	};
	rootObject = 68F8CE1521D612B200F557FB /* Project object */;
}
