// !$*UTF8*$!
{
	archiveVersion = 1;
	classes = {
	};
	objectVersion = 50;
	objects = {

/* Begin PBXBuildFile section */
		45096ABED1ABA074D421636C /* Pods_ProjectTemplate_Dev.framework in Frameworks */ = {isa = PBXBuildFile; fileRef = 69F1E4613221484C30C177CC /* Pods_ProjectTemplate_Dev.framework */; };
		68F8CE2121D612B200F557FB /* AppDelegate.swift in Sources */ = {isa = PBXBuildFile; fileRef = 68F8CE2021D612B200F557FB /* AppDelegate.swift */; };
		68F8CE2321D612B200F557FB /* ViewController.swift in Sources */ = {isa = PBXBuildFile; fileRef = 68F8CE2221D612B200F557FB /* ViewController.swift */; };
		68F8CE2621D612B200F557FB /* Main.storyboard in Resources */ = {isa = PBXBuildFile; fileRef = 68F8CE2421D612B200F557FB /* Main.storyboard */; };
		68F8CE2821D612B400F557FB /* Assets.xcassets in Resources */ = {isa = PBXBuildFile; fileRef = 68F8CE2721D612B400F557FB /* Assets.xcassets */; };
		68F8CE2B21D612B400F557FB /* LaunchScreen.storyboard in Resources */ = {isa = PBXBuildFile; fileRef = 68F8CE2921D612B400F557FB /* LaunchScreen.storyboard */; };
		68F8CE3421D6130B00F557FB /* ViewController.swift in Sources */ = {isa = PBXBuildFile; fileRef = 68F8CE2221D612B200F557FB /* ViewController.swift */; };
		68F8CE3521D6130B00F557FB /* AppDelegate.swift in Sources */ = {isa = PBXBuildFile; fileRef = 68F8CE2021D612B200F557FB /* AppDelegate.swift */; };
		68F8CE3821D6130B00F557FB /* LaunchScreen.storyboard in Resources */ = {isa = PBXBuildFile; fileRef = 68F8CE2921D612B400F557FB /* LaunchScreen.storyboard */; };
		68F8CE3921D6130B00F557FB /* Assets.xcassets in Resources */ = {isa = PBXBuildFile; fileRef = 68F8CE2721D612B400F557FB /* Assets.xcassets */; };
		68F8CE3A21D6130B00F557FB /* Main.storyboard in Resources */ = {isa = PBXBuildFile; fileRef = 68F8CE2421D612B200F557FB /* Main.storyboard */; };
		68F8CE4121D6170600F557FB /* ProjectTemplate Dev-Info.plist in Resources */ = {isa = PBXBuildFile; fileRef = 68F8CE4021D6170600F557FB /* ProjectTemplate Dev-Info.plist */; };
		68F8CE4621D6179200F557FB /* Bundle-Extension.swift in Sources */ = {isa = PBXBuildFile; fileRef = 68F8CE4521D6179200F557FB /* Bundle-Extension.swift */; };
		68F8CE4721D617E100F557FB /* Bundle-Extension.swift in Sources */ = {isa = PBXBuildFile; fileRef = 68F8CE4521D6179200F557FB /* Bundle-Extension.swift */; };
		68F8CE4D21D61D1300F557FB /* Observable.swift in Sources */ = {isa = PBXBuildFile; fileRef = 68F8CE4C21D61D1300F557FB /* Observable.swift */; };
		68F8CE4F21D6229E00F557FB /* NetworkService.swift in Sources */ = {isa = PBXBuildFile; fileRef = 68F8CE4E21D6229E00F557FB /* NetworkService.swift */; };
		68F8CE5321D7143D00F557FB /* Observable.swift in Sources */ = {isa = PBXBuildFile; fileRef = 68F8CE4C21D61D1300F557FB /* Observable.swift */; };
		68F8CE5421D7144200F557FB /* NetworkService.swift in Sources */ = {isa = PBXBuildFile; fileRef = 68F8CE4E21D6229E00F557FB /* NetworkService.swift */; };
		68F8CE5621D746A600F557FB /* SZViewController.swift in Sources */ = {isa = PBXBuildFile; fileRef = 68F8CE5521D746A600F557FB /* SZViewController.swift */; };
		68F8CE5721D746A600F557FB /* SZViewController.swift in Sources */ = {isa = PBXBuildFile; fileRef = 68F8CE5521D746A600F557FB /* SZViewController.swift */; };
		68F8CE5921D747C100F557FB /* SZView.swift in Sources */ = {isa = PBXBuildFile; fileRef = 68F8CE5821D747C100F557FB /* SZView.swift */; };
		68F8CE5A21D747C100F557FB /* SZView.swift in Sources */ = {isa = PBXBuildFile; fileRef = 68F8CE5821D747C100F557FB /* SZView.swift */; };
		8B8F870F63927CA3FE43506D /* Pods_ProjectTemplate.framework in Frameworks */ = {isa = PBXBuildFile; fileRef = 2676273951560B0A07346241 /* Pods_ProjectTemplate.framework */; };
/* End PBXBuildFile section */

/* Begin PBXFileReference section */
		2676273951560B0A07346241 /* Pods_ProjectTemplate.framework */ = {isa = PBXFileReference; explicitFileType = wrapper.framework; includeInIndex = 0; path = Pods_ProjectTemplate.framework; sourceTree = BUILT_PRODUCTS_DIR; };
		367E7213C98E224A19D6B3A7 /* Pods-ProjectTemplate Dev.debug.xcconfig */ = {isa = PBXFileReference; includeInIndex = 1; lastKnownFileType = text.xcconfig; name = "Pods-ProjectTemplate Dev.debug.xcconfig"; path = "Pods/Target Support Files/Pods-ProjectTemplate Dev/Pods-ProjectTemplate Dev.debug.xcconfig"; sourceTree = "<group>"; };
		68F8CE1D21D612B200F557FB /* ProjectTemplate.app */ = {isa = PBXFileReference; explicitFileType = wrapper.application; includeInIndex = 0; path = ProjectTemplate.app; sourceTree = BUILT_PRODUCTS_DIR; };
		68F8CE2021D612B200F557FB /* AppDelegate.swift */ = {isa = PBXFileReference; lastKnownFileType = sourcecode.swift; path = AppDelegate.swift; sourceTree = "<group>"; };
		68F8CE2221D612B200F557FB /* ViewController.swift */ = {isa = PBXFileReference; lastKnownFileType = sourcecode.swift; path = ViewController.swift; sourceTree = "<group>"; };
		68F8CE2521D612B200F557FB /* Base */ = {isa = PBXFileReference; lastKnownFileType = file.storyboard; name = Base; path = Base.lproj/Main.storyboard; sourceTree = "<group>"; };
		68F8CE2721D612B400F557FB /* Assets.xcassets */ = {isa = PBXFileReference; lastKnownFileType = folder.assetcatalog; path = Assets.xcassets; sourceTree = "<group>"; };
		68F8CE2A21D612B400F557FB /* Base */ = {isa = PBXFileReference; lastKnownFileType = file.storyboard; name = Base; path = Base.lproj/LaunchScreen.storyboard; sourceTree = "<group>"; };
		68F8CE2C21D612B400F557FB /* Info.plist */ = {isa = PBXFileReference; lastKnownFileType = text.plist.xml; path = Info.plist; sourceTree = "<group>"; };
		68F8CE3E21D6130B00F557FB /* ProjectTemplate Dev.app */ = {isa = PBXFileReference; explicitFileType = wrapper.application; includeInIndex = 0; path = "ProjectTemplate Dev.app"; sourceTree = BUILT_PRODUCTS_DIR; };
		68F8CE4021D6170600F557FB /* ProjectTemplate Dev-Info.plist */ = {isa = PBXFileReference; fileEncoding = 4; lastKnownFileType = text.plist.xml; path = "ProjectTemplate Dev-Info.plist"; sourceTree = "<group>"; };
		68F8CE4521D6179200F557FB /* Bundle-Extension.swift */ = {isa = PBXFileReference; lastKnownFileType = sourcecode.swift; path = "Bundle-Extension.swift"; sourceTree = "<group>"; };
		68F8CE4C21D61D1300F557FB /* Observable.swift */ = {isa = PBXFileReference; lastKnownFileType = sourcecode.swift; path = Observable.swift; sourceTree = "<group>"; };
		68F8CE4E21D6229E00F557FB /* NetworkService.swift */ = {isa = PBXFileReference; lastKnownFileType = sourcecode.swift; path = NetworkService.swift; sourceTree = "<group>"; };
		68F8CE5521D746A600F557FB /* SZViewController.swift */ = {isa = PBXFileReference; lastKnownFileType = sourcecode.swift; path = SZViewController.swift; sourceTree = "<group>"; };
		68F8CE5821D747C100F557FB /* SZView.swift */ = {isa = PBXFileReference; lastKnownFileType = sourcecode.swift; path = SZView.swift; sourceTree = "<group>"; };
		69F1E4613221484C30C177CC /* Pods_ProjectTemplate_Dev.framework */ = {isa = PBXFileReference; explicitFileType = wrapper.framework; includeInIndex = 0; path = Pods_ProjectTemplate_Dev.framework; sourceTree = BUILT_PRODUCTS_DIR; };
		80C53040758080AFAC5EB7F6 /* Pods-ProjectTemplate.release.xcconfig */ = {isa = PBXFileReference; includeInIndex = 1; lastKnownFileType = text.xcconfig; name = "Pods-ProjectTemplate.release.xcconfig"; path = "Pods/Target Support Files/Pods-ProjectTemplate/Pods-ProjectTemplate.release.xcconfig"; sourceTree = "<group>"; };
		96733905ABF7A6DA3C0367DC /* Pods-ProjectTemplate Dev.release.xcconfig */ = {isa = PBXFileReference; includeInIndex = 1; lastKnownFileType = text.xcconfig; name = "Pods-ProjectTemplate Dev.release.xcconfig"; path = "Pods/Target Support Files/Pods-ProjectTemplate Dev/Pods-ProjectTemplate Dev.release.xcconfig"; sourceTree = "<group>"; };
		DF5A07B0335AC6ED4FA1775C /* Pods-ProjectTemplate.debug.xcconfig */ = {isa = PBXFileReference; includeInIndex = 1; lastKnownFileType = text.xcconfig; name = "Pods-ProjectTemplate.debug.xcconfig"; path = "Pods/Target Support Files/Pods-ProjectTemplate/Pods-ProjectTemplate.debug.xcconfig"; sourceTree = "<group>"; };
/* End PBXFileReference section */

/* Begin PBXFrameworksBuildPhase section */
		68F8CE1A21D612B200F557FB /* Frameworks */ = {
			isa = PBXFrameworksBuildPhase;
			buildActionMask = 2147483647;
			files = (
				8B8F870F63927CA3FE43506D /* Pods_ProjectTemplate.framework in Frameworks */,
			);
			runOnlyForDeploymentPostprocessing = 0;
		};
		68F8CE3621D6130B00F557FB /* Frameworks */ = {
			isa = PBXFrameworksBuildPhase;
			buildActionMask = 2147483647;
			files = (
				45096ABED1ABA074D421636C /* Pods_ProjectTemplate_Dev.framework in Frameworks */,
			);
			runOnlyForDeploymentPostprocessing = 0;
		};
/* End PBXFrameworksBuildPhase section */

/* Begin PBXGroup section */
		0DE970EC8C3512808CAA3F96 /* Frameworks */ = {
			isa = PBXGroup;
			children = (
				2676273951560B0A07346241 /* Pods_ProjectTemplate.framework */,
				69F1E4613221484C30C177CC /* Pods_ProjectTemplate_Dev.framework */,
			);
			name = Frameworks;
			sourceTree = "<group>";
		};
		12E6E2AB6E664C6327B57FCF /* Pods */ = {
			isa = PBXGroup;
			children = (
				DF5A07B0335AC6ED4FA1775C /* Pods-ProjectTemplate.debug.xcconfig */,
				80C53040758080AFAC5EB7F6 /* Pods-ProjectTemplate.release.xcconfig */,
				367E7213C98E224A19D6B3A7 /* Pods-ProjectTemplate Dev.debug.xcconfig */,
				96733905ABF7A6DA3C0367DC /* Pods-ProjectTemplate Dev.release.xcconfig */,
			);
			name = Pods;
			sourceTree = "<group>";
		};
		68F8CE1421D612B200F557FB = {
			isa = PBXGroup;
			children = (
				68F8CE1F21D612B200F557FB /* ProjectTemplate */,
				68F8CE1E21D612B200F557FB /* Products */,
				12E6E2AB6E664C6327B57FCF /* Pods */,
				0DE970EC8C3512808CAA3F96 /* Frameworks */,
			);
			sourceTree = "<group>";
		};
		68F8CE1E21D612B200F557FB /* Products */ = {
			isa = PBXGroup;
			children = (
				68F8CE1D21D612B200F557FB /* ProjectTemplate.app */,
				68F8CE3E21D6130B00F557FB /* ProjectTemplate Dev.app */,
			);
			name = Products;
			sourceTree = "<group>";
		};
		68F8CE1F21D612B200F557FB /* ProjectTemplate */ = {
			isa = PBXGroup;
			children = (
				68F8CE4B21D61CF600F557FB /* Common */,
				68F8CE4A21D61CC600F557FB /* Service */,
				68F8CE4421D6174800F557FB /* Extensions */,
				68F8CE2021D612B200F557FB /* AppDelegate.swift */,
				68F8CE2221D612B200F557FB /* ViewController.swift */,
				68F8CE5821D747C100F557FB /* SZView.swift */,
				68F8CE2421D612B200F557FB /* Main.storyboard */,
				68F8CE2721D612B400F557FB /* Assets.xcassets */,
				68F8CE2921D612B400F557FB /* LaunchScreen.storyboard */,
				68F8CE2C21D612B400F557FB /* Info.plist */,
				68F8CE4021D6170600F557FB /* ProjectTemplate Dev-Info.plist */,
			);
			path = ProjectTemplate;
			sourceTree = "<group>";
		};
		68F8CE4421D6174800F557FB /* Extensions */ = {
			isa = PBXGroup;
			children = (
				68F8CE4521D6179200F557FB /* Bundle-Extension.swift */,
			);
			path = Extensions;
			sourceTree = "<group>";
		};
		68F8CE4A21D61CC600F557FB /* Service */ = {
			isa = PBXGroup;
			children = (
				68F8CE4E21D6229E00F557FB /* NetworkService.swift */,
			);
			path = Service;
			sourceTree = "<group>";
		};
		68F8CE4B21D61CF600F557FB /* Common */ = {
			isa = PBXGroup;
			children = (
				68F8CE4C21D61D1300F557FB /* Observable.swift */,
				68F8CE5521D746A600F557FB /* SZViewController.swift */,
			);
			path = Common;
			sourceTree = "<group>";
		};
/* End PBXGroup section */

/* Begin PBXNativeTarget section */
		68F8CE1C21D612B200F557FB /* ProjectTemplate */ = {
			isa = PBXNativeTarget;
			buildConfigurationList = 68F8CE2F21D612B400F557FB /* Build configuration list for PBXNativeTarget "ProjectTemplate" */;
			buildPhases = (
				A16E7961B0271032977AFAEF /* [CP] Check Pods Manifest.lock */,
				68F8CE1921D612B200F557FB /* Sources */,
				68F8CE1A21D612B200F557FB /* Frameworks */,
				68F8CE1B21D612B200F557FB /* Resources */,
				CED177E56BF4573DCDF0232F /* [CP] Embed Pods Frameworks */,
			);
			buildRules = (
			);
			dependencies = (
			);
			name = ProjectTemplate;
			productName = ProjectTemplate;
			productReference = 68F8CE1D21D612B200F557FB /* ProjectTemplate.app */;
			productType = "com.apple.product-type.application";
		};
		68F8CE3221D6130B00F557FB /* ProjectTemplate Dev */ = {
			isa = PBXNativeTarget;
			buildConfigurationList = 68F8CE3B21D6130B00F557FB /* Build configuration list for PBXNativeTarget "ProjectTemplate Dev" */;
			buildPhases = (
				E62107254CC1AE7CA465A47B /* [CP] Check Pods Manifest.lock */,
				68F8CE3321D6130B00F557FB /* Sources */,
				68F8CE3621D6130B00F557FB /* Frameworks */,
				68F8CE3721D6130B00F557FB /* Resources */,
				4C24726B7C96D0C3C9C8EBA3 /* [CP] Embed Pods Frameworks */,
			);
			buildRules = (
			);
			dependencies = (
			);
			name = "ProjectTemplate Dev";
			productName = ProjectTemplate;
			productReference = 68F8CE3E21D6130B00F557FB /* ProjectTemplate Dev.app */;
			productType = "com.apple.product-type.application";
		};
/* End PBXNativeTarget section */

/* Begin PBXProject section */
		68F8CE1521D612B200F557FB /* Project object */ = {
			isa = PBXProject;
			attributes = {
				LastSwiftUpdateCheck = 1010;
				LastUpgradeCheck = 1010;
				ORGANIZATIONNAME = "!>-<!";
				TargetAttributes = {
					68F8CE1C21D612B200F557FB = {
						CreatedOnToolsVersion = 10.1;
					};
				};
			};
			buildConfigurationList = 68F8CE1821D612B200F557FB /* Build configuration list for PBXProject "ProjectTemplate" */;
			compatibilityVersion = "Xcode 9.3";
			developmentRegion = en;
			hasScannedForEncodings = 0;
			knownRegions = (
				en,
				Base,
			);
			mainGroup = 68F8CE1421D612B200F557FB;
			productRefGroup = 68F8CE1E21D612B200F557FB /* Products */;
			projectDirPath = "";
			projectRoot = "";
			targets = (
				68F8CE1C21D612B200F557FB /* ProjectTemplate */,
				68F8CE3221D6130B00F557FB /* ProjectTemplate Dev */,
			);
		};
/* End PBXProject section */

/* Begin PBXResourcesBuildPhase section */
		68F8CE1B21D612B200F557FB /* Resources */ = {
			isa = PBXResourcesBuildPhase;
			buildActionMask = 2147483647;
			files = (
				68F8CE2B21D612B400F557FB /* LaunchScreen.storyboard in Resources */,
				68F8CE2821D612B400F557FB /* Assets.xcassets in Resources */,
				68F8CE2621D612B200F557FB /* Main.storyboard in Resources */,
				68F8CE4121D6170600F557FB /* ProjectTemplate Dev-Info.plist in Resources */,
			);
			runOnlyForDeploymentPostprocessing = 0;
		};
		68F8CE3721D6130B00F557FB /* Resources */ = {
			isa = PBXResourcesBuildPhase;
			buildActionMask = 2147483647;
			files = (
				68F8CE3821D6130B00F557FB /* LaunchScreen.storyboard in Resources */,
				68F8CE3921D6130B00F557FB /* Assets.xcassets in Resources */,
				68F8CE3A21D6130B00F557FB /* Main.storyboard in Resources */,
			);
			runOnlyForDeploymentPostprocessing = 0;
		};
/* End PBXResourcesBuildPhase section */

/* Begin PBXShellScriptBuildPhase section */
		4C24726B7C96D0C3C9C8EBA3 /* [CP] Embed Pods Frameworks */ = {
			isa = PBXShellScriptBuildPhase;
			buildActionMask = 2147483647;
			files = (
			);
			inputFileListPaths = (
			);
			inputPaths = (
				"${SRCROOT}/Pods/Target Support Files/Pods-ProjectTemplate Dev/Pods-ProjectTemplate Dev-frameworks.sh",
				"${BUILT_PRODUCTS_DIR}/Alamofire/Alamofire.framework",
				"${BUILT_PRODUCTS_DIR}/Moya/Moya.framework",
				"${BUILT_PRODUCTS_DIR}/Result/Result.framework",
				"${BUILT_PRODUCTS_DIR}/SwiftyJSON/SwiftyJSON.framework",
			);
			name = "[CP] Embed Pods Frameworks";
			outputFileListPaths = (
			);
			outputPaths = (
				"${TARGET_BUILD_DIR}/${FRAMEWORKS_FOLDER_PATH}/Alamofire.framework",
				"${TARGET_BUILD_DIR}/${FRAMEWORKS_FOLDER_PATH}/Moya.framework",
				"${TARGET_BUILD_DIR}/${FRAMEWORKS_FOLDER_PATH}/Result.framework",
				"${TARGET_BUILD_DIR}/${FRAMEWORKS_FOLDER_PATH}/SwiftyJSON.framework",
			);
			runOnlyForDeploymentPostprocessing = 0;
			shellPath = /bin/sh;
			shellScript = "\"${SRCROOT}/Pods/Target Support Files/Pods-ProjectTemplate Dev/Pods-ProjectTemplate Dev-frameworks.sh\"\n";
			showEnvVarsInLog = 0;
		};
		A16E7961B0271032977AFAEF /* [CP] Check Pods Manifest.lock */ = {
			isa = PBXShellScriptBuildPhase;
			buildActionMask = 2147483647;
			files = (
			);
			inputFileListPaths = (
			);
			inputPaths = (
				"${PODS_PODFILE_DIR_PATH}/Podfile.lock",
				"${PODS_ROOT}/Manifest.lock",
			);
			name = "[CP] Check Pods Manifest.lock";
			outputFileListPaths = (
			);
			outputPaths = (
				"$(DERIVED_FILE_DIR)/Pods-ProjectTemplate-checkManifestLockResult.txt",
			);
			runOnlyForDeploymentPostprocessing = 0;
			shellPath = /bin/sh;
			shellScript = "diff \"${PODS_PODFILE_DIR_PATH}/Podfile.lock\" \"${PODS_ROOT}/Manifest.lock\" > /dev/null\nif [ $? != 0 ] ; then\n    # print error to STDERR\n    echo \"error: The sandbox is not in sync with the Podfile.lock. Run 'pod install' or update your CocoaPods installation.\" >&2\n    exit 1\nfi\n# This output is used by Xcode 'outputs' to avoid re-running this script phase.\necho \"SUCCESS\" > \"${SCRIPT_OUTPUT_FILE_0}\"\n";
			showEnvVarsInLog = 0;
		};
		CED177E56BF4573DCDF0232F /* [CP] Embed Pods Frameworks */ = {
			isa = PBXShellScriptBuildPhase;
			buildActionMask = 2147483647;
			files = (
			);
			inputFileListPaths = (
			);
			inputPaths = (
				"${SRCROOT}/Pods/Target Support Files/Pods-ProjectTemplate/Pods-ProjectTemplate-frameworks.sh",
				"${BUILT_PRODUCTS_DIR}/Alamofire/Alamofire.framework",
				"${BUILT_PRODUCTS_DIR}/Moya/Moya.framework",
				"${BUILT_PRODUCTS_DIR}/Result/Result.framework",
				"${BUILT_PRODUCTS_DIR}/SwiftyJSON/SwiftyJSON.framework",
			);
			name = "[CP] Embed Pods Frameworks";
			outputFileListPaths = (
			);
			outputPaths = (
				"${TARGET_BUILD_DIR}/${FRAMEWORKS_FOLDER_PATH}/Alamofire.framework",
				"${TARGET_BUILD_DIR}/${FRAMEWORKS_FOLDER_PATH}/Moya.framework",
				"${TARGET_BUILD_DIR}/${FRAMEWORKS_FOLDER_PATH}/Result.framework",
				"${TARGET_BUILD_DIR}/${FRAMEWORKS_FOLDER_PATH}/SwiftyJSON.framework",
			);
			runOnlyForDeploymentPostprocessing = 0;
			shellPath = /bin/sh;
			shellScript = "\"${SRCROOT}/Pods/Target Support Files/Pods-ProjectTemplate/Pods-ProjectTemplate-frameworks.sh\"\n";
			showEnvVarsInLog = 0;
		};
		E62107254CC1AE7CA465A47B /* [CP] Check Pods Manifest.lock */ = {
			isa = PBXShellScriptBuildPhase;
			buildActionMask = 2147483647;
			files = (
			);
			inputFileListPaths = (
			);
			inputPaths = (
				"${PODS_PODFILE_DIR_PATH}/Podfile.lock",
				"${PODS_ROOT}/Manifest.lock",
			);
			name = "[CP] Check Pods Manifest.lock";
			outputFileListPaths = (
			);
			outputPaths = (
				"$(DERIVED_FILE_DIR)/Pods-ProjectTemplate Dev-checkManifestLockResult.txt",
			);
			runOnlyForDeploymentPostprocessing = 0;
			shellPath = /bin/sh;
			shellScript = "diff \"${PODS_PODFILE_DIR_PATH}/Podfile.lock\" \"${PODS_ROOT}/Manifest.lock\" > /dev/null\nif [ $? != 0 ] ; then\n    # print error to STDERR\n    echo \"error: The sandbox is not in sync with the Podfile.lock. Run 'pod install' or update your CocoaPods installation.\" >&2\n    exit 1\nfi\n# This output is used by Xcode 'outputs' to avoid re-running this script phase.\necho \"SUCCESS\" > \"${SCRIPT_OUTPUT_FILE_0}\"\n";
			showEnvVarsInLog = 0;
		};
/* End PBXShellScriptBuildPhase section */

/* Begin PBXSourcesBuildPhase section */
		68F8CE1921D612B200F557FB /* Sources */ = {
			isa = PBXSourcesBuildPhase;
			buildActionMask = 2147483647;
			files = (
				68F8CE5921D747C100F557FB /* SZView.swift in Sources */,
				68F8CE4F21D6229E00F557FB /* NetworkService.swift in Sources */,
				68F8CE4D21D61D1300F557FB /* Observable.swift in Sources */,
				68F8CE2321D612B200F557FB /* ViewController.swift in Sources */,
				68F8CE4621D6179200F557FB /* Bundle-Extension.swift in Sources */,
				68F8CE2121D612B200F557FB /* AppDelegate.swift in Sources */,
				68F8CE5621D746A600F557FB /* SZViewController.swift in Sources */,
			);
			runOnlyForDeploymentPostprocessing = 0;
		};
		68F8CE3321D6130B00F557FB /* Sources */ = {
			isa = PBXSourcesBuildPhase;
			buildActionMask = 2147483647;
			files = (
				68F8CE5A21D747C100F557FB /* SZView.swift in Sources */,
				68F8CE5421D7144200F557FB /* NetworkService.swift in Sources */,
				68F8CE5321D7143D00F557FB /* Observable.swift in Sources */,
				68F8CE4721D617E100F557FB /* Bundle-Extension.swift in Sources */,
				68F8CE3421D6130B00F557FB /* ViewController.swift in Sources */,
				68F8CE3521D6130B00F557FB /* AppDelegate.swift in Sources */,
				68F8CE5721D746A600F557FB /* SZViewController.swift in Sources */,
			);
			runOnlyForDeploymentPostprocessing = 0;
		};
/* End PBXSourcesBuildPhase section */

/* Begin PBXVariantGroup section */
		68F8CE2421D612B200F557FB /* Main.storyboard */ = {
			isa = PBXVariantGroup;
			children = (
				68F8CE2521D612B200F557FB /* Base */,
			);
			name = Main.storyboard;
			sourceTree = "<group>";
		};
		68F8CE2921D612B400F557FB /* LaunchScreen.storyboard */ = {
			isa = PBXVariantGroup;
			children = (
				68F8CE2A21D612B400F557FB /* Base */,
			);
			name = LaunchScreen.storyboard;
			sourceTree = "<group>";
		};
/* End PBXVariantGroup section */

/* Begin XCBuildConfiguration section */
		68F8CE2D21D612B400F557FB /* Debug */ = {
			isa = XCBuildConfiguration;
			buildSettings = {
				ALWAYS_SEARCH_USER_PATHS = NO;
				CLANG_ANALYZER_NONNULL = YES;
				CLANG_ANALYZER_NUMBER_OBJECT_CONVERSION = YES_AGGRESSIVE;
				CLANG_CXX_LANGUAGE_STANDARD = "gnu++14";
				CLANG_CXX_LIBRARY = "libc++";
				CLANG_ENABLE_MODULES = YES;
				CLANG_ENABLE_OBJC_ARC = YES;
				CLANG_ENABLE_OBJC_WEAK = YES;
				CLANG_WARN_BLOCK_CAPTURE_AUTORELEASING = YES;
				CLANG_WARN_BOOL_CONVERSION = YES;
				CLANG_WARN_COMMA = YES;
				CLANG_WARN_CONSTANT_CONVERSION = YES;
				CLANG_WARN_DEPRECATED_OBJC_IMPLEMENTATIONS = YES;
				CLANG_WARN_DIRECT_OBJC_ISA_USAGE = YES_ERROR;
				CLANG_WARN_DOCUMENTATION_COMMENTS = YES;
				CLANG_WARN_EMPTY_BODY = YES;
				CLANG_WARN_ENUM_CONVERSION = YES;
				CLANG_WARN_INFINITE_RECURSION = YES;
				CLANG_WARN_INT_CONVERSION = YES;
				CLANG_WARN_NON_LITERAL_NULL_CONVERSION = YES;
				CLANG_WARN_OBJC_IMPLICIT_RETAIN_SELF = YES;
				CLANG_WARN_OBJC_LITERAL_CONVERSION = YES;
				CLANG_WARN_OBJC_ROOT_CLASS = YES_ERROR;
				CLANG_WARN_RANGE_LOOP_ANALYSIS = YES;
				CLANG_WARN_STRICT_PROTOTYPES = YES;
				CLANG_WARN_SUSPICIOUS_MOVE = YES;
				CLANG_WARN_UNGUARDED_AVAILABILITY = YES_AGGRESSIVE;
				CLANG_WARN_UNREACHABLE_CODE = YES;
				CLANG_WARN__DUPLICATE_METHOD_MATCH = YES;
				CODE_SIGN_IDENTITY = "iPhone Developer";
				COPY_PHASE_STRIP = NO;
				DEBUG_INFORMATION_FORMAT = dwarf;
				ENABLE_STRICT_OBJC_MSGSEND = YES;
				ENABLE_TESTABILITY = YES;
				GCC_C_LANGUAGE_STANDARD = gnu11;
				GCC_DYNAMIC_NO_PIC = NO;
				GCC_NO_COMMON_BLOCKS = YES;
				GCC_OPTIMIZATION_LEVEL = 0;
				GCC_PREPROCESSOR_DEFINITIONS = (
					"DEBUG=1",
					"$(inherited)",
				);
				GCC_WARN_64_TO_32_BIT_CONVERSION = YES;
				GCC_WARN_ABOUT_RETURN_TYPE = YES_ERROR;
				GCC_WARN_UNDECLARED_SELECTOR = YES;
				GCC_WARN_UNINITIALIZED_AUTOS = YES_AGGRESSIVE;
				GCC_WARN_UNUSED_FUNCTION = YES;
				GCC_WARN_UNUSED_VARIABLE = YES;
				IPHONEOS_DEPLOYMENT_TARGET = 12.1;
				MTL_ENABLE_DEBUG_INFO = INCLUDE_SOURCE;
				MTL_FAST_MATH = YES;
				ONLY_ACTIVE_ARCH = YES;
				SDKROOT = iphoneos;
				SWIFT_ACTIVE_COMPILATION_CONDITIONS = DEBUG;
				SWIFT_OPTIMIZATION_LEVEL = "-Onone";
			};
			name = Debug;
		};
		68F8CE2E21D612B400F557FB /* Release */ = {
			isa = XCBuildConfiguration;
			buildSettings = {
				ALWAYS_SEARCH_USER_PATHS = NO;
				CLANG_ANALYZER_NONNULL = YES;
				CLANG_ANALYZER_NUMBER_OBJECT_CONVERSION = YES_AGGRESSIVE;
				CLANG_CXX_LANGUAGE_STANDARD = "gnu++14";
				CLANG_CXX_LIBRARY = "libc++";
				CLANG_ENABLE_MODULES = YES;
				CLANG_ENABLE_OBJC_ARC = YES;
				CLANG_ENABLE_OBJC_WEAK = YES;
				CLANG_WARN_BLOCK_CAPTURE_AUTORELEASING = YES;
				CLANG_WARN_BOOL_CONVERSION = YES;
				CLANG_WARN_COMMA = YES;
				CLANG_WARN_CONSTANT_CONVERSION = YES;
				CLANG_WARN_DEPRECATED_OBJC_IMPLEMENTATIONS = YES;
				CLANG_WARN_DIRECT_OBJC_ISA_USAGE = YES_ERROR;
				CLANG_WARN_DOCUMENTATION_COMMENTS = YES;
				CLANG_WARN_EMPTY_BODY = YES;
				CLANG_WARN_ENUM_CONVERSION = YES;
				CLANG_WARN_INFINITE_RECURSION = YES;
				CLANG_WARN_INT_CONVERSION = YES;
				CLANG_WARN_NON_LITERAL_NULL_CONVERSION = YES;
				CLANG_WARN_OBJC_IMPLICIT_RETAIN_SELF = YES;
				CLANG_WARN_OBJC_LITERAL_CONVERSION = YES;
				CLANG_WARN_OBJC_ROOT_CLASS = YES_ERROR;
				CLANG_WARN_RANGE_LOOP_ANALYSIS = YES;
				CLANG_WARN_STRICT_PROTOTYPES = YES;
				CLANG_WARN_SUSPICIOUS_MOVE = YES;
				CLANG_WARN_UNGUARDED_AVAILABILITY = YES_AGGRESSIVE;
				CLANG_WARN_UNREACHABLE_CODE = YES;
				CLANG_WARN__DUPLICATE_METHOD_MATCH = YES;
				CODE_SIGN_IDENTITY = "iPhone Developer";
				COPY_PHASE_STRIP = NO;
				DEBUG_INFORMATION_FORMAT = "dwarf-with-dsym";
				ENABLE_NS_ASSERTIONS = NO;
				ENABLE_STRICT_OBJC_MSGSEND = YES;
				GCC_C_LANGUAGE_STANDARD = gnu11;
				GCC_NO_COMMON_BLOCKS = YES;
				GCC_WARN_64_TO_32_BIT_CONVERSION = YES;
				GCC_WARN_ABOUT_RETURN_TYPE = YES_ERROR;
				GCC_WARN_UNDECLARED_SELECTOR = YES;
				GCC_WARN_UNINITIALIZED_AUTOS = YES_AGGRESSIVE;
				GCC_WARN_UNUSED_FUNCTION = YES;
				GCC_WARN_UNUSED_VARIABLE = YES;
				IPHONEOS_DEPLOYMENT_TARGET = 12.1;
				MTL_ENABLE_DEBUG_INFO = NO;
				MTL_FAST_MATH = YES;
				SDKROOT = iphoneos;
				SWIFT_COMPILATION_MODE = wholemodule;
				SWIFT_OPTIMIZATION_LEVEL = "-O";
				VALIDATE_PRODUCT = YES;
			};
			name = Release;
		};
		68F8CE3021D612B400F557FB /* Debug */ = {
			isa = XCBuildConfiguration;
			baseConfigurationReference = DF5A07B0335AC6ED4FA1775C /* Pods-ProjectTemplate.debug.xcconfig */;
			buildSettings = {
				ASSETCATALOG_COMPILER_APPICON_NAME = AppIcon;
				CODE_SIGN_STYLE = Automatic;
				INFOPLIST_FILE = ProjectTemplate/Info.plist;
				LD_RUNPATH_SEARCH_PATHS = (
					"$(inherited)",
					"@executable_path/Frameworks",
				);
				PRODUCT_BUNDLE_IDENTIFIER = com.sunzeboy.ProjectTemplate;
				PRODUCT_NAME = "$(TARGET_NAME)";
				SWIFT_VERSION = 4.2;
				TARGETED_DEVICE_FAMILY = "1,2";
			};
			name = Debug;
		};
		68F8CE3121D612B400F557FB /* Release */ = {
			isa = XCBuildConfiguration;
			baseConfigurationReference = 80C53040758080AFAC5EB7F6 /* Pods-ProjectTemplate.release.xcconfig */;
			buildSettings = {
				ASSETCATALOG_COMPILER_APPICON_NAME = AppIcon;
				CODE_SIGN_STYLE = Automatic;
				INFOPLIST_FILE = ProjectTemplate/Info.plist;
				LD_RUNPATH_SEARCH_PATHS = (
					"$(inherited)",
					"@executable_path/Frameworks",
				);
				PRODUCT_BUNDLE_IDENTIFIER = com.sunzeboy.ProjectTemplate;
				PRODUCT_NAME = "$(TARGET_NAME)";
				SWIFT_VERSION = 4.2;
				TARGETED_DEVICE_FAMILY = "1,2";
			};
			name = Release;
		};
		68F8CE3C21D6130B00F557FB /* Debug */ = {
			isa = XCBuildConfiguration;
			baseConfigurationReference = 367E7213C98E224A19D6B3A7 /* Pods-ProjectTemplate Dev.debug.xcconfig */;
			buildSettings = {
				ASSETCATALOG_COMPILER_APPICON_NAME = "AppIcon-Dev";
				CODE_SIGN_STYLE = Automatic;
				INFOPLIST_FILE = "ProjectTemplate/ProjectTemplate Dev-Info.plist";
				LD_RUNPATH_SEARCH_PATHS = (
					"$(inherited)",
					"@executable_path/Frameworks",
				);
				OTHER_SWIFT_FLAGS = "$(inherited)";
				PRODUCT_BUNDLE_IDENTIFIER = com.sunzeboy.ProjectTemplate;
				PRODUCT_NAME = "$(TARGET_NAME)";
				SWIFT_VERSION = 4.2;
				TARGETED_DEVICE_FAMILY = "1,2";
			};
			name = Debug;
		};
		68F8CE3D21D6130B00F557FB /* Release */ = {
			isa = XCBuildConfiguration;
			baseConfigurationReference = 96733905ABF7A6DA3C0367DC /* Pods-ProjectTemplate Dev.release.xcconfig */;
			buildSettings = {
				ASSETCATALOG_COMPILER_APPICON_NAME = "AppIcon-Dev";
				CODE_SIGN_STYLE = Automatic;
				INFOPLIST_FILE = "ProjectTemplate/ProjectTemplate Dev-Info.plist";
				LD_RUNPATH_SEARCH_PATHS = (
					"$(inherited)",
					"@executable_path/Frameworks",
				);
				OTHER_SWIFT_FLAGS = "$(inherited)";
				PRODUCT_BUNDLE_IDENTIFIER = com.sunzeboy.ProjectTemplate;
				PRODUCT_NAME = "$(TARGET_NAME)";
				SWIFT_VERSION = 4.2;
				TARGETED_DEVICE_FAMILY = "1,2";
			};
			name = Release;
		};
/* End XCBuildConfiguration section */

/* Begin XCConfigurationList section */
		68F8CE1821D612B200F557FB /* Build configuration list for PBXProject "ProjectTemplate" */ = {
			isa = XCConfigurationList;
			buildConfigurations = (
				68F8CE2D21D612B400F557FB /* Debug */,
				68F8CE2E21D612B400F557FB /* Release */,
			);
			defaultConfigurationIsVisible = 0;
			defaultConfigurationName = Release;
		};
		68F8CE2F21D612B400F557FB /* Build configuration list for PBXNativeTarget "ProjectTemplate" */ = {
			isa = XCConfigurationList;
			buildConfigurations = (
				68F8CE3021D612B400F557FB /* Debug */,
				68F8CE3121D612B400F557FB /* Release */,
			);
			defaultConfigurationIsVisible = 0;
			defaultConfigurationName = Release;
		};
		68F8CE3B21D6130B00F557FB /* Build configuration list for PBXNativeTarget "ProjectTemplate Dev" */ = {
			isa = XCConfigurationList;
			buildConfigurations = (
				68F8CE3C21D6130B00F557FB /* Debug */,
				68F8CE3D21D6130B00F557FB /* Release */,
			);
			defaultConfigurationIsVisible = 0;
			defaultConfigurationName = Release;
		};
/* End XCConfigurationList section */
	};
	rootObject = 68F8CE1521D612B200F557FB /* Project object */;
}
